
Microsoft Visual Studio Solution File, Format Version 12.00
# Visual Studio Version 16
VisualStudioVersion = 16.0.31402.337
MinimumVisualStudioVersion = 10.0.40219.1
Project("{9A19103F-16F7-4668-BE54-9A1E7A4F7556}") = "T2SDP", "T2SDA\T2SDP.csproj", "{9F9FCC0F-73D9-4C37-B72D-39E3B780020A}"
EndProject
Project("{FAE04EC0-301F-11D3-BF4B-00C04F79EFBC}") = "T5SDP", "T5SDP\T5SDP.csproj", "{C3EFD1F2-657E-419E-884A-DFC5DED7A3E4}"
EndProject
Global
	GlobalSection(SolutionConfigurationPlatforms) = preSolution
		Debug|Any CPU = Debug|Any CPU
		Release|Any CPU = Release|Any CPU
	EndGlobalSection
	GlobalSection(ProjectConfigurationPlatforms) = postSolution
		{9F9FCC0F-73D9-4C37-B72D-39E3B780020A}.Debug|Any CPU.ActiveCfg = Debug|Any CPU
		{9F9FCC0F-73D9-4C37-B72D-39E3B780020A}.Debug|Any CPU.Build.0 = Debug|Any CPU
		{9F9FCC0F-73D9-4C37-B72D-39E3B780020A}.Release|Any CPU.ActiveCfg = Release|Any CPU
		{9F9FCC0F-73D9-4C37-B72D-39E3B780020A}.Release|Any CPU.Build.0 = Release|Any CPU
		{C3EFD1F2-657E-419E-884A-DFC5DED7A3E4}.Debug|Any CPU.ActiveCfg = Debug|Any CPU
		{C3EFD1F2-657E-419E-884A-DFC5DED7A3E4}.Debug|Any CPU.Build.0 = Debug|Any CPU
		{C3EFD1F2-657E-419E-884A-DFC5DED7A3E4}.Release|Any CPU.ActiveCfg = Release|Any CPU
		{C3EFD1F2-657E-419E-884A-DFC5DED7A3E4}.Release|Any CPU.Build.0 = Release|Any CPU
	EndGlobalSection
	GlobalSection(SolutionProperties) = preSolution
		HideSolutionNode = FALSE
	EndGlobalSection
	GlobalSection(ExtensibilityGlobals) = postSolution
		SolutionGuid = {975B5B64-3E82-4D3D-B507-7F2F59A22A67}
	EndGlobalSection
EndGlobal
